
Microsoft Visual Studio Solution File, Format Version 12.00
# Visual Studio Version 17
VisualStudioVersion = 17.6.33815.320
MinimumVisualStudioVersion = 10.0.40219.1
Project("{FAE04EC0-301F-11D3-BF4B-00C04F79EFBC}") = "MVC Agile Process with Agile Work Item Process", "MVC Agile Process with Agile Work Item Process\MVC Agile Process with Agile Work Item Process.csproj", "{D2456798-DC20-4037-8C44-0C1A5EC2EE5A}"
EndProject
Global
	GlobalSection(SolutionConfigurationPlatforms) = preSolution
		Debug|Any CPU = Debug|Any CPU
		Release|Any CPU = Release|Any CPU
	EndGlobalSection
	GlobalSection(ProjectConfigurationPlatforms) = postSolution
		{D2456798-DC20-4037-8C44-0C1A5EC2EE5A}.Debug|Any CPU.ActiveCfg = Debug|Any CPU
		{D2456798-DC20-4037-8C44-0C1A5EC2EE5A}.Debug|Any CPU.Build.0 = Debug|Any CPU
		{D2456798-DC20-4037-8C44-0C1A5EC2EE5A}.Release|Any CPU.ActiveCfg = Release|Any CPU
		{D2456798-DC20-4037-8C44-0C1A5EC2EE5A}.Release|Any CPU.Build.0 = Release|Any CPU
	EndGlobalSection
	GlobalSection(SolutionProperties) = preSolution
		HideSolutionNode = FALSE
	EndGlobalSection
	GlobalSection(ExtensibilityGlobals) = postSolution
		SolutionGuid = {B8835E03-941A-4A65-A565-54A34300F285}
	EndGlobalSection
EndGlobal
